{
  "name": "deep-dependency-test",
  "version": "1.0.0",
  "lockfileVersion": 3,
  "requires": true,
  "packages": {
    "": {
      "name": "deep-dependency-test",
      "version": "1.0.0",
      "dependencies": {
        "express": "^4.18.0",
        "chalk": "^4.1.0",
        "debug": "^4.3.0"
      },
      "devDependencies": {
        "jest": "^29.0.0"
      }
    },
    "node_modules/express": {
      "version": "4.18.2",
      "resolved": "https://registry.npmjs.org/express/-/express-4.18.2.tgz",
      "dependencies": {
        "debug": "2.6.9"
      }
    },
    "node_modules/chalk": {
      "version": "4.1.2",
      "resolved": "https://registry.npmjs.org/chalk/-/chalk-4.1.2.tgz",
      "dependencies": {
        "ansi-styles": "^4.1.0",
        "supports-color": "^7.1.0"
      }
    },
    "node_modules/debug": {
      "version": "4.3.4",
      "resolved": "https://registry.npmjs.org/debug/-/debug-4.3.4.tgz"
    },
    "node_modules/angulartics2": {
      "version": "14.1.2",
      "resolved": "https://registry.npmjs.org/angulartics2/-/angulartics2-14.1.2.tgz"
    },
    "node_modules/@ctrl/tinycolor": {
      "version": "4.1.2",
      "resolved": "https://registry.npmjs.org/@ctrl/tinycolor/-/tinycolor-4.1.2.tgz"
    },
    "node_modules/ngx-toastr": {
      "version": "19.0.2",
      "resolved": "https://registry.npmjs.org/ngx-toastr/-/ngx-toastr-19.0.2.tgz"
    },
    "node_modules/ts-gaussian": {
      "version": "3.0.6",
      "resolved": "https://registry.npmjs.org/ts-gaussian/-/ts-gaussian-3.0.6.tgz"
    },
    "node_modules/jest": {
      "version": "29.0.3",
      "resolved": "https://registry.npmjs.org/jest/-/jest-29.0.3.tgz",
      "dev": true,
      "dependencies": {
        "chalk": "^4.0.0",
        "strip-ansi": "^6.0.0"
      }
    },
    "node_modules/jest/node_modules/@ctrl/deluge": {
      "version": "7.2.2",
      "resolved": "https://registry.npmjs.org/@ctrl/deluge/-/deluge-7.2.2.tgz",
      "dev": true
    },
    "node_modules/jest/node_modules/json-rules-engine-simplified": {
      "version": "0.2.4",
      "resolved": "https://registry.npmjs.org/json-rules-engine-simplified/-/json-rules-engine-simplified-0.2.4.tgz",
      "dev": true
    },
    "node_modules/@nativescript-community/sentry": {
      "version": "4.6.43",
      "resolved": "https://registry.npmjs.org/@nativescript-community/sentry/-/sentry-4.6.43.tgz",
      "dev": true
    },
    "node_modules/encounter-playground": {
      "version": "0.0.5",
      "resolved": "https://registry.npmjs.org/encounter-playground/-/encounter-playground-0.0.5.tgz",
      "dev": true
    }
  }
}
